
Microsoft Visual Studio Solution File, Format Version 12.00
# Visual Studio Version 17
VisualStudioVersion = 17.9.34728.123
MinimumVisualStudioVersion = 10.0.40219.1
Project("{FAE04EC0-301F-11D3-BF4B-00C04F79EFBC}") = "EgyszeruJatek", "EgyszeruJatek\EgyszeruJatek.csproj", "{6B0163D9-0E10-4629-A939-F7A1CA46A55B}"
EndProject
Global
	GlobalSection(SolutionConfigurationPlatforms) = preSolution
		Debug|Any CPU = Debug|Any CPU
		Release|Any CPU = Release|Any CPU
	EndGlobalSection
	GlobalSection(ProjectConfigurationPlatforms) = postSolution
		{6B0163D9-0E10-4629-A939-F7A1CA46A55B}.Debug|Any CPU.ActiveCfg = Debug|Any CPU
		{6B0163D9-0E10-4629-A939-F7A1CA46A55B}.Debug|Any CPU.Build.0 = Debug|Any CPU
		{6B0163D9-0E10-4629-A939-F7A1CA46A55B}.Release|Any CPU.ActiveCfg = Release|Any CPU
		{6B0163D9-0E10-4629-A939-F7A1CA46A55B}.Release|Any CPU.Build.0 = Release|Any CPU
	EndGlobalSection
	GlobalSection(SolutionProperties) = preSolution
		HideSolutionNode = FALSE
	EndGlobalSection
	GlobalSection(ExtensibilityGlobals) = postSolution
		SolutionGuid = {BB04990A-51D3-4B33-B1B2-C27DCC93F24E}
	EndGlobalSection
EndGlobal
